
Microsoft Visual Studio Solution File, Format Version 12.00
# Visual Studio 15
VisualStudioVersion = 15.0.27703.2026
MinimumVisualStudioVersion = 10.0.40219.1
Project("{9A19103F-16F7-4668-BE54-9A1E7A4F7556}") = "TaxApp", "TaxApp\TaxApp.csproj", "{84618E7A-FD4E-4CAD-87E8-16ADF6C96C98}"
EndProject
Project("{9A19103F-16F7-4668-BE54-9A1E7A4F7556}") = "TaxApp.Test", "TaxApp.Test\TaxApp.Test.csproj", "{846040D1-3FE0-4FDE-B572-09E9B43C262B}"
EndProject
Global
	GlobalSection(SolutionConfigurationPlatforms) = preSolution
		Debug|Any CPU = Debug|Any CPU
		Release|Any CPU = Release|Any CPU
	EndGlobalSection
	GlobalSection(ProjectConfigurationPlatforms) = postSolution
		{84618E7A-FD4E-4CAD-87E8-16ADF6C96C98}.Debug|Any CPU.ActiveCfg = Debug|Any CPU
		{84618E7A-FD4E-4CAD-87E8-16ADF6C96C98}.Debug|Any CPU.Build.0 = Debug|Any CPU
		{84618E7A-FD4E-4CAD-87E8-16ADF6C96C98}.Release|Any CPU.ActiveCfg = Release|Any CPU
		{84618E7A-FD4E-4CAD-87E8-16ADF6C96C98}.Release|Any CPU.Build.0 = Release|Any CPU
		{846040D1-3FE0-4FDE-B572-09E9B43C262B}.Debug|Any CPU.ActiveCfg = Debug|Any CPU
		{846040D1-3FE0-4FDE-B572-09E9B43C262B}.Debug|Any CPU.Build.0 = Debug|Any CPU
		{846040D1-3FE0-4FDE-B572-09E9B43C262B}.Release|Any CPU.ActiveCfg = Release|Any CPU
		{846040D1-3FE0-4FDE-B572-09E9B43C262B}.Release|Any CPU.Build.0 = Release|Any CPU
	EndGlobalSection
	GlobalSection(SolutionProperties) = preSolution
		HideSolutionNode = FALSE
	EndGlobalSection
	GlobalSection(ExtensibilityGlobals) = postSolution
		SolutionGuid = {33AFEB6E-71E7-4A25-A05E-1C126861DF9A}
	EndGlobalSection
EndGlobal
